
Microsoft Visual Studio Solution File, Format Version 12.00
# Visual Studio Version 17
VisualStudioVersion = 17.8.34219.65
MinimumVisualStudioVersion = 10.0.40219.1
Project("{FAE04EC0-301F-11D3-BF4B-00C04F79EFBC}") = "AbpTools", "AbpTools\AbpTools.csproj", "{E4A15DDF-9EBD-4782-A8C9-3CA151D47838}"
EndProject
Global
	GlobalSection(SolutionConfigurationPlatforms) = preSolution
		Debug|Any CPU = Debug|Any CPU
		Release|Any CPU = Release|Any CPU
	EndGlobalSection
	GlobalSection(ProjectConfigurationPlatforms) = postSolution
		{E4A15DDF-9EBD-4782-A8C9-3CA151D47838}.Debug|Any CPU.ActiveCfg = Debug|Any CPU
		{E4A15DDF-9EBD-4782-A8C9-3CA151D47838}.Debug|Any CPU.Build.0 = Debug|Any CPU
		{E4A15DDF-9EBD-4782-A8C9-3CA151D47838}.Release|Any CPU.ActiveCfg = Release|Any CPU
		{E4A15DDF-9EBD-4782-A8C9-3CA151D47838}.Release|Any CPU.Build.0 = Release|Any CPU
	EndGlobalSection
	GlobalSection(SolutionProperties) = preSolution
		HideSolutionNode = FALSE
	EndGlobalSection
	GlobalSection(ExtensibilityGlobals) = postSolution
		SolutionGuid = {44F23F29-54C3-4636-BDA7-02D04BC6AF67}
	EndGlobalSection
EndGlobal
